
Microsoft Visual Studio Solution File, Format Version 12.00
# Visual Studio Version 17
VisualStudioVersion = 17.13.35825.156
MinimumVisualStudioVersion = 10.0.40219.1
Project("{FAE04EC0-301F-11D3-BF4B-00C04F79EFBC}") = "SciFiDuplicateFinder", "SciFiDuplicateFinder\SciFiDuplicateFinder.csproj", "{C3543223-028C-45B9-B3C1-CCA4FAE16A2D}"
EndProject
Project("{54435603-DBB4-11D2-8724-00A0C9A8B90C}") = "SciFiDuplicateFinderSetup", "SciFiDuplicateFinderSetup\SciFiDuplicateFinderSetup.vdproj", "{725AF076-A5F5-1793-8210-B2A46341F870}"
EndProject
Global
	GlobalSection(SolutionConfigurationPlatforms) = preSolution
		Debug|Any CPU = Debug|Any CPU
		Release|Any CPU = Release|Any CPU
	EndGlobalSection
	GlobalSection(ProjectConfigurationPlatforms) = postSolution
		{C3543223-028C-45B9-B3C1-CCA4FAE16A2D}.Debug|Any CPU.ActiveCfg = Debug|Any CPU
		{C3543223-028C-45B9-B3C1-CCA4FAE16A2D}.Debug|Any CPU.Build.0 = Debug|Any CPU
		{C3543223-028C-45B9-B3C1-CCA4FAE16A2D}.Release|Any CPU.ActiveCfg = Release|Any CPU
		{C3543223-028C-45B9-B3C1-CCA4FAE16A2D}.Release|Any CPU.Build.0 = Release|Any CPU
		{725AF076-A5F5-1793-8210-B2A46341F870}.Debug|Any CPU.ActiveCfg = Debug
		{725AF076-A5F5-1793-8210-B2A46341F870}.Release|Any CPU.ActiveCfg = Release
	EndGlobalSection
	GlobalSection(SolutionProperties) = preSolution
		HideSolutionNode = FALSE
	EndGlobalSection
	GlobalSection(ExtensibilityGlobals) = postSolution
		SolutionGuid = {B3561470-004F-40C8-A70E-208093B9F75A}
	EndGlobalSection
EndGlobal
